// !$*UTF8*$!
{
	archiveVersion = 1;
	classes = {
	};
	objectVersion = 50;
	objects = {

/* Begin PBXBuildFile section */
		BA479B8823B74A2800042FDD /* AppDelegate.swift in Sources */ = {isa = PBXBuildFile; fileRef = BA479B8723B74A2800042FDD /* AppDelegate.swift */; };
		BA479B8A23B74A2800042FDD /* SceneDelegate.swift in Sources */ = {isa = PBXBuildFile; fileRef = BA479B8923B74A2800042FDD /* SceneDelegate.swift */; };
		BA479B8C23B74A2800042FDD /* ViewController.swift in Sources */ = {isa = PBXBuildFile; fileRef = BA479B8B23B74A2800042FDD /* ViewController.swift */; };
		BA479B8F23B74A2800042FDD /* Main.storyboard in Resources */ = {isa = PBXBuildFile; fileRef = BA479B8D23B74A2800042FDD /* Main.storyboard */; };
		BA479B9123B74A2B00042FDD /* Assets.xcassets in Resources */ = {isa = PBXBuildFile; fileRef = BA479B9023B74A2B00042FDD /* Assets.xcassets */; };
		BA479B9423B74A2B00042FDD /* LaunchScreen.storyboard in Resources */ = {isa = PBXBuildFile; fileRef = BA479B9223B74A2B00042FDD /* LaunchScreen.storyboard */; };
/* End PBXBuildFile section */

/* Begin PBXFileReference section */
		BA479B8423B74A2800042FDD /* helloMAP.app */ = {isa = PBXFileReference; explicitFileType = wrapper.application; includeInIndex = 0; path = helloMAP.app; sourceTree = BUILT_PRODUCTS_DIR; };
		BA479B8723B74A2800042FDD /* AppDelegate.swift */ = {isa = PBXFileReference; lastKnownFileType = sourcecode.swift; path = AppDelegate.swift; sourceTree = "<group>"; };
		BA479B8923B74A2800042FDD /* SceneDelegate.swift */ = {isa = PBXFileReference; lastKnownFileType = sourcecode.swift; path = SceneDelegate.swift; sourceTree = "<group>"; };
		BA479B8B23B74A2800042FDD /* ViewController.swift */ = {isa = PBXFileReference; lastKnownFileType = sourcecode.swift; path = ViewController.swift; sourceTree = "<group>"; };
		BA479B8E23B74A2800042FDD /* Base */ = {isa = PBXFileReference; lastKnownFileType = file.storyboard; name = Base; path = Base.lproj/Main.storyboard; sourceTree = "<group>"; };
		BA479B9023B74A2B00042FDD /* Assets.xcassets */ = {isa = PBXFileReference; lastKnownFileType = folder.assetcatalog; path = Assets.xcassets; sourceTree = "<group>"; };
		BA479B9323B74A2B00042FDD /* Base */ = {isa = PBXFileReference; lastKnownFileType = file.storyboard; name = Base; path = Base.lproj/LaunchScreen.storyboard; sourceTree = "<group>"; };
		BA479B9523B74A2B00042FDD /* Info.plist */ = {isa = PBXFileReference; lastKnownFileType = text.plist.xml; path = Info.plist; sourceTree = "<group>"; };
/* End PBXFileReference section */

/* Begin PBXFrameworksBuildPhase section */
		BA479B8123B74A2800042FDD /* Frameworks */ = {
			isa = PBXFrameworksBuildPhase;
			buildActionMask = 2147483647;
			files = (
			);
			runOnlyForDeploymentPostprocessing = 0;
		};
/* End PBXFrameworksBuildPhase section */

/* Begin PBXGroup section */
		BA479B7B23B74A2800042FDD = {
			isa = PBXGroup;
			children = (
				BA479B8623B74A2800042FDD /* helloMAP */,
				BA479B8523B74A2800042FDD /* Products */,
			);
			sourceTree = "<group>";
		};
		BA479B8523B74A2800042FDD /* Products */ = {
			isa = PBXGroup;
			children = (
				BA479B8423B74A2800042FDD /* helloMAP.app */,
			);
			name = Products;
			sourceTree = "<group>";
		};
		BA479B8623B74A2800042FDD /* helloMAP */ = {
			isa = PBXGroup;
			children = (
				BA479B8723B74A2800042FDD /* AppDelegate.swift */,
				BA479B8923B74A2800042FDD /* SceneDelegate.swift */,
				BA479B8B23B74A2800042FDD /* ViewController.swift */,
				BA479B8D23B74A2800042FDD /* Main.storyboard */,
				BA479B9023B74A2B00042FDD /* Assets.xcassets */,
				BA479B9223B74A2B00042FDD /* LaunchScreen.storyboard */,
				BA479B9523B74A2B00042FDD /* Info.plist */,
			);
			path = helloMAP;
			sourceTree = "<group>";
		};
/* End PBXGroup section */

/* Begin PBXNativeTarget section */
		BA479B8323B74A2800042FDD /* helloMAP */ = {
			isa = PBXNativeTarget;
			buildConfigurationList = BA479B9823B74A2B00042FDD /* Build configuration list for PBXNativeTarget "helloMAP" */;
			buildPhases = (
				BA479B8023B74A2800042FDD /* Sources */,
				BA479B8123B74A2800042FDD /* Frameworks */,
				BA479B8223B74A2800042FDD /* Resources */,
			);
			buildRules = (
			);
			dependencies = (
			);
			name = helloMAP;
			productName = helloMAP;
			productReference = BA479B8423B74A2800042FDD /* helloMAP.app */;
			productType = "com.apple.product-type.application";
		};
/* End PBXNativeTarget section */

/* Begin PBXProject section */
		BA479B7C23B74A2800042FDD /* Project object */ = {
			isa = PBXProject;
			attributes = {
				LastSwiftUpdateCheck = 1130;
				LastUpgradeCheck = 1130;
				ORGANIZATIONNAME = "申潤五";
				TargetAttributes = {
					BA479B8323B74A2800042FDD = {
						CreatedOnToolsVersion = 11.3;
					};
				};
			};
			buildConfigurationList = BA479B7F23B74A2800042FDD /* Build configuration list for PBXProject "helloMAP" */;
			compatibilityVersion = "Xcode 9.3";
			developmentRegion = en;
			hasScannedForEncodings = 0;
			knownRegions = (
				en,
				Base,
			);
			mainGroup = BA479B7B23B74A2800042FDD;
			productRefGroup = BA479B8523B74A2800042FDD /* Products */;
			projectDirPath = "";
			projectRoot = "";
			targets = (
				BA479B8323B74A2800042FDD /* helloMAP */,
			);
		};
/* End PBXProject section */

/* Begin PBXResourcesBuildPhase section */
		BA479B8223B74A2800042FDD /* Resources */ = {
			isa = PBXResourcesBuildPhase;
			buildActionMask = 2147483647;
			files = (
				BA479B9423B74A2B00042FDD /* LaunchScreen.storyboard in Resources */,
				BA479B9123B74A2B00042FDD /* Assets.xcassets in Resources */,
				BA479B8F23B74A2800042FDD /* Main.storyboard in Resources */,
			);
			runOnlyForDeploymentPostprocessing = 0;
		};
/* End PBXResourcesBuildPhase section */

/* Begin PBXSourcesBuildPhase section */
		BA479B8023B74A2800042FDD /* Sources */ = {
			isa = PBXSourcesBuildPhase;
			buildActionMask = 2147483647;
			files = (
				BA479B8C23B74A2800042FDD /* ViewController.swift in Sources */,
				BA479B8823B74A2800042FDD /* AppDelegate.swift in Sources */,
				BA479B8A23B74A2800042FDD /* SceneDelegate.swift in Sources */,
			);
			runOnlyForDeploymentPostprocessing = 0;
		};
/* End PBXSourcesBuildPhase section */

/* Begin PBXVariantGroup section */
		BA479B8D23B74A2800042FDD /* Main.storyboard */ = {
			isa = PBXVariantGroup;
			children = (
				BA479B8E23B74A2800042FDD /* Base */,
			);
			name = Main.storyboard;
			sourceTree = "<group>";
		};
		BA479B9223B74A2B00042FDD /* LaunchScreen.storyboard */ = {
			isa = PBXVariantGroup;
			children = (
				BA479B9323B74A2B00042FDD /* Base */,
			);
			name = LaunchScreen.storyboard;
			sourceTree = "<group>";
		};
/* End PBXVariantGroup section */

/* Begin XCBuildConfiguration section */
		BA479B9623B74A2B00042FDD /* Debug */ = {
			isa = XCBuildConfiguration;
			buildSettings = {
				ALWAYS_SEARCH_USER_PATHS = NO;
				CLANG_ANALYZER_NONNULL = YES;
				CLANG_ANALYZER_NUMBER_OBJECT_CONVERSION = YES_AGGRESSIVE;
				CLANG_CXX_LANGUAGE_STANDARD = "gnu++14";
				CLANG_CXX_LIBRARY = "libc++";
				CLANG_ENABLE_MODULES = YES;
				CLANG_ENABLE_OBJC_ARC = YES;
				CLANG_ENABLE_OBJC_WEAK = YES;
				CLANG_WARN_BLOCK_CAPTURE_AUTORELEASING = YES;
				CLANG_WARN_BOOL_CONVERSION = YES;
				CLANG_WARN_COMMA = YES;
				CLANG_WARN_CONSTANT_CONVERSION = YES;
				CLANG_WARN_DEPRECATED_OBJC_IMPLEMENTATIONS = YES;
				CLANG_WARN_DIRECT_OBJC_ISA_USAGE = YES_ERROR;
				CLANG_WARN_DOCUMENTATION_COMMENTS = YES;
				CLANG_WARN_EMPTY_BODY = YES;
				CLANG_WARN_ENUM_CONVERSION = YES;
				CLANG_WARN_INFINITE_RECURSION = YES;
				CLANG_WARN_INT_CONVERSION = YES;
				CLANG_WARN_NON_LITERAL_NULL_CONVERSION = YES;
				CLANG_WARN_OBJC_IMPLICIT_RETAIN_SELF = YES;
				CLANG_WARN_OBJC_LITERAL_CONVERSION = YES;
				CLANG_WARN_OBJC_ROOT_CLASS = YES_ERROR;
				CLANG_WARN_RANGE_LOOP_ANALYSIS = YES;
				CLANG_WARN_STRICT_PROTOTYPES = YES;
				CLANG_WARN_SUSPICIOUS_MOVE = YES;
				CLANG_WARN_UNGUARDED_AVAILABILITY = YES_AGGRESSIVE;
				CLANG_WARN_UNREACHABLE_CODE = YES;
				CLANG_WARN__DUPLICATE_METHOD_MATCH = YES;
				COPY_PHASE_STRIP = NO;
				DEBUG_INFORMATION_FORMAT = dwarf;
				ENABLE_STRICT_OBJC_MSGSEND = YES;
				ENABLE_TESTABILITY = YES;
				GCC_C_LANGUAGE_STANDARD = gnu11;
				GCC_DYNAMIC_NO_PIC = NO;
				GCC_NO_COMMON_BLOCKS = YES;
				GCC_OPTIMIZATION_LEVEL = 0;
				GCC_PREPROCESSOR_DEFINITIONS = (
					"DEBUG=1",
					"$(inherited)",
				);
				GCC_WARN_64_TO_32_BIT_CONVERSION = YES;
				GCC_WARN_ABOUT_RETURN_TYPE = YES_ERROR;
				GCC_WARN_UNDECLARED_SELECTOR = YES;
				GCC_WARN_UNINITIALIZED_AUTOS = YES_AGGRESSIVE;
				GCC_WARN_UNUSED_FUNCTION = YES;
				GCC_WARN_UNUSED_VARIABLE = YES;
				IPHONEOS_DEPLOYMENT_TARGET = 13.2;
				MTL_ENABLE_DEBUG_INFO = INCLUDE_SOURCE;
				MTL_FAST_MATH = YES;
				ONLY_ACTIVE_ARCH = YES;
				SDKROOT = iphoneos;
				SWIFT_ACTIVE_COMPILATION_CONDITIONS = DEBUG;
				SWIFT_OPTIMIZATION_LEVEL = "-Onone";
			};
			name = Debug;
		};
		BA479B9723B74A2B00042FDD /* Release */ = {
			isa = XCBuildConfiguration;
			buildSettings = {
				ALWAYS_SEARCH_USER_PATHS = NO;
				CLANG_ANALYZER_NONNULL = YES;
				CLANG_ANALYZER_NUMBER_OBJECT_CONVERSION = YES_AGGRESSIVE;
				CLANG_CXX_LANGUAGE_STANDARD = "gnu++14";
				CLANG_CXX_LIBRARY = "libc++";
				CLANG_ENABLE_MODULES = YES;
				CLANG_ENABLE_OBJC_ARC = YES;
				CLANG_ENABLE_OBJC_WEAK = YES;
				CLANG_WARN_BLOCK_CAPTURE_AUTORELEASING = YES;
				CLANG_WARN_BOOL_CONVERSION = YES;
				CLANG_WARN_COMMA = YES;
				CLANG_WARN_CONSTANT_CONVERSION = YES;
				CLANG_WARN_DEPRECATED_OBJC_IMPLEMENTATIONS = YES;
				CLANG_WARN_DIRECT_OBJC_ISA_USAGE = YES_ERROR;
				CLANG_WARN_DOCUMENTATION_COMMENTS = YES;
				CLANG_WARN_EMPTY_BODY = YES;
				CLANG_WARN_ENUM_CONVERSION = YES;
				CLANG_WARN_INFINITE_RECURSION = YES;
				CLANG_WARN_INT_CONVERSION = YES;
				CLANG_WARN_NON_LITERAL_NULL_CONVERSION = YES;
				CLANG_WARN_OBJC_IMPLICIT_RETAIN_SELF = YES;
				CLANG_WARN_OBJC_LITERAL_CONVERSION = YES;
				CLANG_WARN_OBJC_ROOT_CLASS = YES_ERROR;
				CLANG_WARN_RANGE_LOOP_ANALYSIS = YES;
				CLANG_WARN_STRICT_PROTOTYPES = YES;
				CLANG_WARN_SUSPICIOUS_MOVE = YES;
				CLANG_WARN_UNGUARDED_AVAILABILITY = YES_AGGRESSIVE;
				CLANG_WARN_UNREACHABLE_CODE = YES;
				CLANG_WARN__DUPLICATE_METHOD_MATCH = YES;
				COPY_PHASE_STRIP = NO;
				DEBUG_INFORMATION_FORMAT = "dwarf-with-dsym";
				ENABLE_NS_ASSERTIONS = NO;
				ENABLE_STRICT_OBJC_MSGSEND = YES;
				GCC_C_LANGUAGE_STANDARD = gnu11;
				GCC_NO_COMMON_BLOCKS = YES;
				GCC_WARN_64_TO_32_BIT_CONVERSION = YES;
				GCC_WARN_ABOUT_RETURN_TYPE = YES_ERROR;
				GCC_WARN_UNDECLARED_SELECTOR = YES;
				GCC_WARN_UNINITIALIZED_AUTOS = YES_AGGRESSIVE;
				GCC_WARN_UNUSED_FUNCTION = YES;
				GCC_WARN_UNUSED_VARIABLE = YES;
				IPHONEOS_DEPLOYMENT_TARGET = 13.2;
				MTL_ENABLE_DEBUG_INFO = NO;
				MTL_FAST_MATH = YES;
				SDKROOT = iphoneos;
				SWIFT_COMPILATION_MODE = wholemodule;
				SWIFT_OPTIMIZATION_LEVEL = "-O";
				VALIDATE_PRODUCT = YES;
			};
			name = Release;
		};
		BA479B9923B74A2B00042FDD /* Debug */ = {
			isa = XCBuildConfiguration;
			buildSettings = {
				ASSETCATALOG_COMPILER_APPICON_NAME = AppIcon;
				CODE_SIGN_STYLE = Automatic;
				DEVELOPMENT_TEAM = XSVW22JPST;
				INFOPLIST_FILE = helloMAP/Info.plist;
				LD_RUNPATH_SEARCH_PATHS = (
					"$(inherited)",
					"@executable_path/Frameworks",
				);
				PRODUCT_BUNDLE_IDENTIFIER = idev.sjw.helloMAP;
				PRODUCT_NAME = "$(TARGET_NAME)";
				SWIFT_VERSION = 5.0;
				TARGETED_DEVICE_FAMILY = "1,2";
			};
			name = Debug;
		};
		BA479B9A23B74A2B00042FDD /* Release */ = {
			isa = XCBuildConfiguration;
			buildSettings = {
				ASSETCATALOG_COMPILER_APPICON_NAME = AppIcon;
				CODE_SIGN_STYLE = Automatic;
				DEVELOPMENT_TEAM = XSVW22JPST;
				INFOPLIST_FILE = helloMAP/Info.plist;
				LD_RUNPATH_SEARCH_PATHS = (
					"$(inherited)",
					"@executable_path/Frameworks",
				);
				PRODUCT_BUNDLE_IDENTIFIER = idev.sjw.helloMAP;
				PRODUCT_NAME = "$(TARGET_NAME)";
				SWIFT_VERSION = 5.0;
				TARGETED_DEVICE_FAMILY = "1,2";
			};
			name = Release;
		};
/* End XCBuildConfiguration section */

/* Begin XCConfigurationList section */
		BA479B7F23B74A2800042FDD /* Build configuration list for PBXProject "helloMAP" */ = {
			isa = XCConfigurationList;
			buildConfigurations = (
				BA479B9623B74A2B00042FDD /* Debug */,
				BA479B9723B74A2B00042FDD /* Release */,
			);
			defaultConfigurationIsVisible = 0;
			defaultConfigurationName = Release;
		};
		BA479B9823B74A2B00042FDD /* Build configuration list for PBXNativeTarget "helloMAP" */ = {
			isa = XCConfigurationList;
			buildConfigurations = (
				BA479B9923B74A2B00042FDD /* Debug */,
				BA479B9A23B74A2B00042FDD /* Release */,
			);
			defaultConfigurationIsVisible = 0;
			defaultConfigurationName = Release;
		};
/* End XCConfigurationList section */
	};
	rootObject = BA479B7C23B74A2800042FDD /* Project object */;
}
